
Microsoft Visual Studio Solution File, Format Version 12.00
# Visual Studio Version 17
VisualStudioVersion = 17.0.31903.59
MinimumVisualStudioVersion = 10.0.40219.1
Project("{2150E333-8FDC-42A3-9474-1A3956D46DE8}") = "src", "src", "{827E0CD3-B72D-47B6-A68D-7590B98EB39B}"
EndProject
Project("{FAE04EC0-301F-11D3-BF4B-00C04F79EFBC}") = "Chronos.App", "src\Chronos.App.csproj", "{0AEC9564-B6C9-4EF9-9D3C-8682EEABDF21}"
EndProject
Project("{FAE04EC0-301F-11D3-BF4B-00C04F79EFBC}") = "Chronos.Core", "src\Chronos.Core\Chronos.Core.csproj", "{0C919CD1-7174-419D-AC93-65E899AD00D5}"
EndProject
Project("{FAE04EC0-301F-11D3-BF4B-00C04F79EFBC}") = "Chronos.Native", "src\Chronos.Native\Chronos.Native.csproj", "{53715ED3-2B2F-40E4-83E2-DA6431F973D4}"
EndProject
Project("{FAE04EC0-301F-11D3-BF4B-00C04F79EFBC}") = "Chronos.Common", "src\Chronos.Common\Chronos.Common.csproj", "{765944EA-0FAF-4054-A3F1-994CD896DF75}"
EndProject
Project("{2150E333-8FDC-42A3-9474-1A3956D46DE8}") = "tests", "tests", "{0AB3BF05-4346-4AA6-1389-037BE0695223}"
EndProject
Project("{FAE04EC0-301F-11D3-BF4B-00C04F79EFBC}") = "AllocatedRangesTestHarness", "tests\AllocatedRangesTestHarness\AllocatedRangesTestHarness.csproj", "{5A924347-8B53-4F09-A7FB-0AE934D32E2F}"
EndProject
Project("{FAE04EC0-301F-11D3-BF4B-00C04F79EFBC}") = "Chronos.Core.Tests", "tests\Chronos.Core.Tests\Chronos.Core.Tests.csproj", "{17869200-3A72-415A-B5F4-D6FE935105E2}"
EndProject
Project("{FAE04EC0-301F-11D3-BF4B-00C04F79EFBC}") = "Chronos.Integration.Tests", "tests\Chronos.Integration.Tests\Chronos.Integration.Tests.csproj", "{1A1C65A3-E19E-4235-8E6F-5A8A0CFD159B}"
EndProject
Project("{FAE04EC0-301F-11D3-BF4B-00C04F79EFBC}") = "VirtualDiskTestHarness", "tests\VirtualDiskTestHarness\VirtualDiskTestHarness.csproj", "{0F614973-6BCD-4539-951B-225ACA8C322E}"
EndProject
Global
	GlobalSection(SolutionConfigurationPlatforms) = preSolution
		Debug|ARM64 = Debug|ARM64
		Debug|x64 = Debug|x64
		Debug|x86 = Debug|x86
		Debug|Any CPU = Debug|Any CPU
		Release|ARM64 = Release|ARM64
		Release|x64 = Release|x64
		Release|x86 = Release|x86
		Release|Any CPU = Release|Any CPU
	EndGlobalSection
	GlobalSection(ProjectConfigurationPlatforms) = postSolution
		{0AEC9564-B6C9-4EF9-9D3C-8682EEABDF21}.Debug|ARM64.ActiveCfg = Debug|ARM64
		{0AEC9564-B6C9-4EF9-9D3C-8682EEABDF21}.Debug|ARM64.Build.0 = Debug|ARM64
		{0AEC9564-B6C9-4EF9-9D3C-8682EEABDF21}.Debug|x64.ActiveCfg = Debug|x64
		{0AEC9564-B6C9-4EF9-9D3C-8682EEABDF21}.Debug|x64.Build.0 = Debug|x64
		{0AEC9564-B6C9-4EF9-9D3C-8682EEABDF21}.Debug|x86.ActiveCfg = Debug|x86
		{0AEC9564-B6C9-4EF9-9D3C-8682EEABDF21}.Debug|x86.Build.0 = Debug|x86
		{0AEC9564-B6C9-4EF9-9D3C-8682EEABDF21}.Debug|Any CPU.ActiveCfg = Debug|x86
		{0AEC9564-B6C9-4EF9-9D3C-8682EEABDF21}.Debug|Any CPU.Build.0 = Debug|x86
		{0AEC9564-B6C9-4EF9-9D3C-8682EEABDF21}.Release|ARM64.ActiveCfg = Release|ARM64
		{0AEC9564-B6C9-4EF9-9D3C-8682EEABDF21}.Release|ARM64.Build.0 = Release|ARM64
		{0AEC9564-B6C9-4EF9-9D3C-8682EEABDF21}.Release|x64.ActiveCfg = Release|x64
		{0AEC9564-B6C9-4EF9-9D3C-8682EEABDF21}.Release|x64.Build.0 = Release|x64
		{0AEC9564-B6C9-4EF9-9D3C-8682EEABDF21}.Release|x86.ActiveCfg = Release|x86
		{0AEC9564-B6C9-4EF9-9D3C-8682EEABDF21}.Release|x86.Build.0 = Release|x86
		{0AEC9564-B6C9-4EF9-9D3C-8682EEABDF21}.Release|Any CPU.ActiveCfg = Release|x86
		{0AEC9564-B6C9-4EF9-9D3C-8682EEABDF21}.Release|Any CPU.Build.0 = Release|x86
		{0C919CD1-7174-419D-AC93-65E899AD00D5}.Debug|ARM64.ActiveCfg = Debug|ARM64
		{0C919CD1-7174-419D-AC93-65E899AD00D5}.Debug|ARM64.Build.0 = Debug|ARM64
		{0C919CD1-7174-419D-AC93-65E899AD00D5}.Debug|x64.ActiveCfg = Debug|x64
		{0C919CD1-7174-419D-AC93-65E899AD00D5}.Debug|x64.Build.0 = Debug|x64
		{0C919CD1-7174-419D-AC93-65E899AD00D5}.Debug|x86.ActiveCfg = Debug|x86
		{0C919CD1-7174-419D-AC93-65E899AD00D5}.Debug|x86.Build.0 = Debug|x86
		{0C919CD1-7174-419D-AC93-65E899AD00D5}.Debug|Any CPU.ActiveCfg = Debug|Any CPU
		{0C919CD1-7174-419D-AC93-65E899AD00D5}.Debug|Any CPU.Build.0 = Debug|Any CPU
		{0C919CD1-7174-419D-AC93-65E899AD00D5}.Release|ARM64.ActiveCfg = Release|ARM64
		{0C919CD1-7174-419D-AC93-65E899AD00D5}.Release|ARM64.Build.0 = Release|ARM64
		{0C919CD1-7174-419D-AC93-65E899AD00D5}.Release|x64.ActiveCfg = Release|x64
		{0C919CD1-7174-419D-AC93-65E899AD00D5}.Release|x64.Build.0 = Release|x64
		{0C919CD1-7174-419D-AC93-65E899AD00D5}.Release|x86.ActiveCfg = Release|x86
		{0C919CD1-7174-419D-AC93-65E899AD00D5}.Release|x86.Build.0 = Release|x86
		{0C919CD1-7174-419D-AC93-65E899AD00D5}.Release|Any CPU.ActiveCfg = Release|Any CPU
		{0C919CD1-7174-419D-AC93-65E899AD00D5}.Release|Any CPU.Build.0 = Release|Any CPU
		{53715ED3-2B2F-40E4-83E2-DA6431F973D4}.Debug|ARM64.ActiveCfg = Debug|ARM64
		{53715ED3-2B2F-40E4-83E2-DA6431F973D4}.Debug|ARM64.Build.0 = Debug|ARM64
		{53715ED3-2B2F-40E4-83E2-DA6431F973D4}.Debug|x64.ActiveCfg = Debug|x64
		{53715ED3-2B2F-40E4-83E2-DA6431F973D4}.Debug|x64.Build.0 = Debug|x64
		{53715ED3-2B2F-40E4-83E2-DA6431F973D4}.Debug|x86.ActiveCfg = Debug|x86
		{53715ED3-2B2F-40E4-83E2-DA6431F973D4}.Debug|x86.Build.0 = Debug|x86
		{53715ED3-2B2F-40E4-83E2-DA6431F973D4}.Debug|Any CPU.ActiveCfg = Debug|Any CPU
		{53715ED3-2B2F-40E4-83E2-DA6431F973D4}.Debug|Any CPU.Build.0 = Debug|Any CPU
		{53715ED3-2B2F-40E4-83E2-DA6431F973D4}.Release|ARM64.ActiveCfg = Release|ARM64
		{53715ED3-2B2F-40E4-83E2-DA6431F973D4}.Release|ARM64.Build.0 = Release|ARM64
		{53715ED3-2B2F-40E4-83E2-DA6431F973D4}.Release|x64.ActiveCfg = Release|x64
		{53715ED3-2B2F-40E4-83E2-DA6431F973D4}.Release|x64.Build.0 = Release|x64
		{53715ED3-2B2F-40E4-83E2-DA6431F973D4}.Release|x86.ActiveCfg = Release|x86
		{53715ED3-2B2F-40E4-83E2-DA6431F973D4}.Release|x86.Build.0 = Release|x86
		{53715ED3-2B2F-40E4-83E2-DA6431F973D4}.Release|Any CPU.ActiveCfg = Release|Any CPU
		{53715ED3-2B2F-40E4-83E2-DA6431F973D4}.Release|Any CPU.Build.0 = Release|Any CPU
		{765944EA-0FAF-4054-A3F1-994CD896DF75}.Debug|ARM64.ActiveCfg = Debug|ARM64
		{765944EA-0FAF-4054-A3F1-994CD896DF75}.Debug|ARM64.Build.0 = Debug|ARM64
		{765944EA-0FAF-4054-A3F1-994CD896DF75}.Debug|x64.ActiveCfg = Debug|x64
		{765944EA-0FAF-4054-A3F1-994CD896DF75}.Debug|x64.Build.0 = Debug|x64
		{765944EA-0FAF-4054-A3F1-994CD896DF75}.Debug|x86.ActiveCfg = Debug|x86
		{765944EA-0FAF-4054-A3F1-994CD896DF75}.Debug|x86.Build.0 = Debug|x86
		{765944EA-0FAF-4054-A3F1-994CD896DF75}.Debug|Any CPU.ActiveCfg = Debug|Any CPU
		{765944EA-0FAF-4054-A3F1-994CD896DF75}.Debug|Any CPU.Build.0 = Debug|Any CPU
		{765944EA-0FAF-4054-A3F1-994CD896DF75}.Release|ARM64.ActiveCfg = Release|ARM64
		{765944EA-0FAF-4054-A3F1-994CD896DF75}.Release|ARM64.Build.0 = Release|ARM64
		{765944EA-0FAF-4054-A3F1-994CD896DF75}.Release|x64.ActiveCfg = Release|x64
		{765944EA-0FAF-4054-A3F1-994CD896DF75}.Release|x64.Build.0 = Release|x64
		{765944EA-0FAF-4054-A3F1-994CD896DF75}.Release|x86.ActiveCfg = Release|x86
		{765944EA-0FAF-4054-A3F1-994CD896DF75}.Release|x86.Build.0 = Release|x86
		{765944EA-0FAF-4054-A3F1-994CD896DF75}.Release|Any CPU.ActiveCfg = Release|Any CPU
		{765944EA-0FAF-4054-A3F1-994CD896DF75}.Release|Any CPU.Build.0 = Release|Any CPU
		{5A924347-8B53-4F09-A7FB-0AE934D32E2F}.Debug|ARM64.ActiveCfg = Debug|ARM64
		{5A924347-8B53-4F09-A7FB-0AE934D32E2F}.Debug|ARM64.Build.0 = Debug|ARM64
		{5A924347-8B53-4F09-A7FB-0AE934D32E2F}.Debug|x64.ActiveCfg = Debug|x64
		{5A924347-8B53-4F09-A7FB-0AE934D32E2F}.Debug|x64.Build.0 = Debug|x64
		{5A924347-8B53-4F09-A7FB-0AE934D32E2F}.Debug|x86.ActiveCfg = Debug|x86
		{5A924347-8B53-4F09-A7FB-0AE934D32E2F}.Debug|x86.Build.0 = Debug|x86
		{5A924347-8B53-4F09-A7FB-0AE934D32E2F}.Debug|Any CPU.ActiveCfg = Debug|Any CPU
		{5A924347-8B53-4F09-A7FB-0AE934D32E2F}.Debug|Any CPU.Build.0 = Debug|Any CPU
		{5A924347-8B53-4F09-A7FB-0AE934D32E2F}.Release|ARM64.ActiveCfg = Release|ARM64
		{5A924347-8B53-4F09-A7FB-0AE934D32E2F}.Release|ARM64.Build.0 = Release|ARM64
		{5A924347-8B53-4F09-A7FB-0AE934D32E2F}.Release|x64.ActiveCfg = Release|x64
		{5A924347-8B53-4F09-A7FB-0AE934D32E2F}.Release|x64.Build.0 = Release|x64
		{5A924347-8B53-4F09-A7FB-0AE934D32E2F}.Release|x86.ActiveCfg = Release|x86
		{5A924347-8B53-4F09-A7FB-0AE934D32E2F}.Release|x86.Build.0 = Release|x86
		{5A924347-8B53-4F09-A7FB-0AE934D32E2F}.Release|Any CPU.ActiveCfg = Release|Any CPU
		{5A924347-8B53-4F09-A7FB-0AE934D32E2F}.Release|Any CPU.Build.0 = Release|Any CPU
		{17869200-3A72-415A-B5F4-D6FE935105E2}.Debug|ARM64.ActiveCfg = Debug|ARM64
		{17869200-3A72-415A-B5F4-D6FE935105E2}.Debug|ARM64.Build.0 = Debug|ARM64
		{17869200-3A72-415A-B5F4-D6FE935105E2}.Debug|x64.ActiveCfg = Debug|x64
		{17869200-3A72-415A-B5F4-D6FE935105E2}.Debug|x64.Build.0 = Debug|x64
		{17869200-3A72-415A-B5F4-D6FE935105E2}.Debug|x86.ActiveCfg = Debug|x86
		{17869200-3A72-415A-B5F4-D6FE935105E2}.Debug|x86.Build.0 = Debug|x86
		{17869200-3A72-415A-B5F4-D6FE935105E2}.Debug|Any CPU.ActiveCfg = Debug|Any CPU
		{17869200-3A72-415A-B5F4-D6FE935105E2}.Debug|Any CPU.Build.0 = Debug|Any CPU
		{17869200-3A72-415A-B5F4-D6FE935105E2}.Release|ARM64.ActiveCfg = Release|ARM64
		{17869200-3A72-415A-B5F4-D6FE935105E2}.Release|ARM64.Build.0 = Release|ARM64
		{17869200-3A72-415A-B5F4-D6FE935105E2}.Release|x64.ActiveCfg = Release|x64
		{17869200-3A72-415A-B5F4-D6FE935105E2}.Release|x64.Build.0 = Release|x64
		{17869200-3A72-415A-B5F4-D6FE935105E2}.Release|x86.ActiveCfg = Release|x86
		{17869200-3A72-415A-B5F4-D6FE935105E2}.Release|x86.Build.0 = Release|x86
		{17869200-3A72-415A-B5F4-D6FE935105E2}.Release|Any CPU.ActiveCfg = Release|Any CPU
		{17869200-3A72-415A-B5F4-D6FE935105E2}.Release|Any CPU.Build.0 = Release|Any CPU
		{1A1C65A3-E19E-4235-8E6F-5A8A0CFD159B}.Debug|ARM64.ActiveCfg = Debug|ARM64
		{1A1C65A3-E19E-4235-8E6F-5A8A0CFD159B}.Debug|ARM64.Build.0 = Debug|ARM64
		{1A1C65A3-E19E-4235-8E6F-5A8A0CFD159B}.Debug|x64.ActiveCfg = Debug|x64
		{1A1C65A3-E19E-4235-8E6F-5A8A0CFD159B}.Debug|x64.Build.0 = Debug|x64
		{1A1C65A3-E19E-4235-8E6F-5A8A0CFD159B}.Debug|x86.ActiveCfg = Debug|x86
		{1A1C65A3-E19E-4235-8E6F-5A8A0CFD159B}.Debug|x86.Build.0 = Debug|x86
		{1A1C65A3-E19E-4235-8E6F-5A8A0CFD159B}.Debug|Any CPU.ActiveCfg = Debug|Any CPU
		{1A1C65A3-E19E-4235-8E6F-5A8A0CFD159B}.Debug|Any CPU.Build.0 = Debug|Any CPU
		{1A1C65A3-E19E-4235-8E6F-5A8A0CFD159B}.Release|ARM64.ActiveCfg = Release|ARM64
		{1A1C65A3-E19E-4235-8E6F-5A8A0CFD159B}.Release|ARM64.Build.0 = Release|ARM64
		{1A1C65A3-E19E-4235-8E6F-5A8A0CFD159B}.Release|x64.ActiveCfg = Release|x64
		{1A1C65A3-E19E-4235-8E6F-5A8A0CFD159B}.Release|x64.Build.0 = Release|x64
		{1A1C65A3-E19E-4235-8E6F-5A8A0CFD159B}.Release|x86.ActiveCfg = Release|x86
		{1A1C65A3-E19E-4235-8E6F-5A8A0CFD159B}.Release|x86.Build.0 = Release|x86
		{1A1C65A3-E19E-4235-8E6F-5A8A0CFD159B}.Release|Any CPU.ActiveCfg = Release|Any CPU
		{1A1C65A3-E19E-4235-8E6F-5A8A0CFD159B}.Release|Any CPU.Build.0 = Release|Any CPU
		{0F614973-6BCD-4539-951B-225ACA8C322E}.Debug|ARM64.ActiveCfg = Debug|ARM64
		{0F614973-6BCD-4539-951B-225ACA8C322E}.Debug|ARM64.Build.0 = Debug|ARM64
		{0F614973-6BCD-4539-951B-225ACA8C322E}.Debug|x64.ActiveCfg = Debug|x64
		{0F614973-6BCD-4539-951B-225ACA8C322E}.Debug|x64.Build.0 = Debug|x64
		{0F614973-6BCD-4539-951B-225ACA8C322E}.Debug|x86.ActiveCfg = Debug|x86
		{0F614973-6BCD-4539-951B-225ACA8C322E}.Debug|x86.Build.0 = Debug|x86
		{0F614973-6BCD-4539-951B-225ACA8C322E}.Debug|Any CPU.ActiveCfg = Debug|Any CPU
		{0F614973-6BCD-4539-951B-225ACA8C322E}.Debug|Any CPU.Build.0 = Debug|Any CPU
		{0F614973-6BCD-4539-951B-225ACA8C322E}.Release|ARM64.ActiveCfg = Release|ARM64
		{0F614973-6BCD-4539-951B-225ACA8C322E}.Release|ARM64.Build.0 = Release|ARM64
		{0F614973-6BCD-4539-951B-225ACA8C322E}.Release|x64.ActiveCfg = Release|x64
		{0F614973-6BCD-4539-951B-225ACA8C322E}.Release|x64.Build.0 = Release|x64
		{0F614973-6BCD-4539-951B-225ACA8C322E}.Release|x86.ActiveCfg = Release|x86
		{0F614973-6BCD-4539-951B-225ACA8C322E}.Release|x86.Build.0 = Release|x86
		{0F614973-6BCD-4539-951B-225ACA8C322E}.Release|Any CPU.ActiveCfg = Release|Any CPU
		{0F614973-6BCD-4539-951B-225ACA8C322E}.Release|Any CPU.Build.0 = Release|Any CPU
	EndGlobalSection
	GlobalSection(SolutionProperties) = preSolution
		HideSolutionNode = FALSE
	EndGlobalSection
	GlobalSection(NestedProjects) = preSolution
		{0AEC9564-B6C9-4EF9-9D3C-8682EEABDF21} = {827E0CD3-B72D-47B6-A68D-7590B98EB39B}
		{0C919CD1-7174-419D-AC93-65E899AD00D5} = {827E0CD3-B72D-47B6-A68D-7590B98EB39B}
		{53715ED3-2B2F-40E4-83E2-DA6431F973D4} = {827E0CD3-B72D-47B6-A68D-7590B98EB39B}
		{765944EA-0FAF-4054-A3F1-994CD896DF75} = {827E0CD3-B72D-47B6-A68D-7590B98EB39B}
		{5A924347-8B53-4F09-A7FB-0AE934D32E2F} = {0AB3BF05-4346-4AA6-1389-037BE0695223}
		{17869200-3A72-415A-B5F4-D6FE935105E2} = {0AB3BF05-4346-4AA6-1389-037BE0695223}
		{1A1C65A3-E19E-4235-8E6F-5A8A0CFD159B} = {0AB3BF05-4346-4AA6-1389-037BE0695223}
		{0F614973-6BCD-4539-951B-225ACA8C322E} = {0AB3BF05-4346-4AA6-1389-037BE0695223}
	EndGlobalSection
EndGlobal
